
Microsoft Visual Studio Solution File, Format Version 12.00
# Visual Studio Version 17
VisualStudioVersion = 17.1.32210.238
MinimumVisualStudioVersion = 10.0.40219.1
Project("{2150E333-8FDC-42A3-9474-1A3956D46DE8}") = "src", "src", "{CFFB1EB9-6447-4C20-8400-27D7E2B04508}"
EndProject
Project("{2150E333-8FDC-42A3-9474-1A3956D46DE8}") = "tests", "tests", "{1362EA01-9B01-4E17-A8FB-E42730A2AAB1}"
EndProject
Project("{2150E333-8FDC-42A3-9474-1A3956D46DE8}") = "corePackages", "corePackages", "{01B7F227-CE8F-41FD-9AF8-6AF5E5259161}"
EndProject
Project("{2150E333-8FDC-42A3-9474-1A3956D46DE8}") = "demoProjects", "demoProjects", "{84E05683-0E4A-4FB1-8FD4-9F0C509BC74C}"
EndProject
Project("{9A19103F-16F7-4668-BE54-9A1E7A4F7556}") = "Core.Application", "src\corePackages\Core.Application\Core.Application.csproj", "{CD9A8AA1-5CAB-4218-91C5-2550BB86354A}"
EndProject
Project("{9A19103F-16F7-4668-BE54-9A1E7A4F7556}") = "Core.CrossCuttingConcerns", "src\corePackages\Core.CrossCuttingConcers\Core.CrossCuttingConcerns.csproj", "{A6D04B11-0C09-4361-B044-B743F61D9E06}"
EndProject
Project("{9A19103F-16F7-4668-BE54-9A1E7A4F7556}") = "Core.ElasticSearch", "src\corePackages\Core.ElasticSearch\Core.ElasticSearch.csproj", "{EAE0F331-1D99-42F6-9926-34C3EAD78BBF}"
EndProject
Project("{9A19103F-16F7-4668-BE54-9A1E7A4F7556}") = "Core.Mailing", "src\corePackages\Core.Mailing\Core.Mailing.csproj", "{4EA615C5-8C04-4EA1-91DA-C86DA54D2E63}"
EndProject
Project("{9A19103F-16F7-4668-BE54-9A1E7A4F7556}") = "Core.Persistence", "src\corePackages\Core.Persistence\Core.Persistence.csproj", "{54635492-7F95-449B-8C5B-493566F68D4A}"
EndProject
Project("{9A19103F-16F7-4668-BE54-9A1E7A4F7556}") = "Core.Security", "src\corePackages\Core.Security\Core.Security.csproj", "{00AA7CFA-B348-4303-B3D0-40750DA10B94}"
EndProject
Project("{2150E333-8FDC-42A3-9474-1A3956D46DE8}") = "templateProject", "templateProject", "{11C509DD-21AC-415F-B2F2-EB58985F2703}"
EndProject
Project("{9A19103F-16F7-4668-BE54-9A1E7A4F7556}") = "Application", "src\demoProjects\templateProject\Application\Application.csproj", "{78EA22FC-B933-4349-A097-556A076009F1}"
EndProject
Project("{9A19103F-16F7-4668-BE54-9A1E7A4F7556}") = "Domain", "src\demoProjects\templateProject\Domain\Domain.csproj", "{D0D4D281-24C1-4EE0-88D6-01FA18B90442}"
EndProject
Project("{9A19103F-16F7-4668-BE54-9A1E7A4F7556}") = "Infrastructure", "src\demoProjects\templateProject\Infrastructure\Infrastructure.csproj", "{1A88B2CE-A954-4709-B15E-F6F1210AD2FD}"
EndProject
Project("{9A19103F-16F7-4668-BE54-9A1E7A4F7556}") = "Persistence", "src\demoProjects\templateProject\Persistence\Persistence.csproj", "{53D6E924-1C32-4039-8192-CE1BEA129C61}"
EndProject
Project("{9A19103F-16F7-4668-BE54-9A1E7A4F7556}") = "WebAPI", "src\demoProjects\templateProject\WebAPI\WebAPI.csproj", "{54568B1F-31E7-4BA3-A2ED-826E85050603}"
EndProject
Project("{2150E333-8FDC-42A3-9474-1A3956D46DE8}") = "rentACar", "rentACar", "{92D95674-0B2D-4C39-AA16-8637C16653CE}"
EndProject
Project("{9A19103F-16F7-4668-BE54-9A1E7A4F7556}") = "Application", "src\demoProjects\rentACar\Application\Application.csproj", "{605D792A-C3DE-46BF-9980-4F86A0F6E2F9}"
EndProject
Project("{9A19103F-16F7-4668-BE54-9A1E7A4F7556}") = "Domain", "src\demoProjects\rentACar\Domain\Domain.csproj", "{53230235-90D5-4C22-9DAF-808F04DCFCD2}"
EndProject
Project("{9A19103F-16F7-4668-BE54-9A1E7A4F7556}") = "Infrastructure", "src\demoProjects\rentACar\Infrastructure\Infrastructure.csproj", "{9F7C6065-A86E-4A8F-A433-945CA03E7D78}"
EndProject
Project("{9A19103F-16F7-4668-BE54-9A1E7A4F7556}") = "Persistence", "src\demoProjects\rentACar\Persistence\Persistence.csproj", "{3B8702B0-9B0A-4B7F-8CEB-2C6F2DAF4E57}"
EndProject
Project("{9A19103F-16F7-4668-BE54-9A1E7A4F7556}") = "WebAPI", "src\demoProjects\rentACar\WebAPI\WebAPI.csproj", "{14CB7D74-7177-4EDC-944C-2FB49FB889A5}"
EndProject
Project("{2150E333-8FDC-42A3-9474-1A3956D46DE8}") = "kodlama.io.Devs", "kodlama.io.Devs", "{81E6CE36-23E7-4EB7-B7B0-B62DCBB29771}"
EndProject
Project("{9A19103F-16F7-4668-BE54-9A1E7A4F7556}") = "Domain", "src\demoProjects\kodlama.io.Devs\Domain\Domain.csproj", "{1C93D2BF-ED02-42BD-A979-C1B7486B9B20}"
EndProject
Project("{9A19103F-16F7-4668-BE54-9A1E7A4F7556}") = "Persistence", "src\demoProjects\kodlama.io.Devs\Persistence\Persistence.csproj", "{574EBAE6-CF46-4E3C-9ED6-B0862B937CE6}"
EndProject
Project("{9A19103F-16F7-4668-BE54-9A1E7A4F7556}") = "Application", "src\demoProjects\kodlama.io.Devs\Application\Application.csproj", "{118EE786-18AB-4F2F-9357-7D1244CFA694}"
EndProject
Project("{9A19103F-16F7-4668-BE54-9A1E7A4F7556}") = "WebAPI", "src\demoProjects\kodlama.io.Devs\WebAPI\WebAPI.csproj", "{19655515-97C4-48EA-8DEF-C48C1CDAAE91}"
EndProject
Project("{9A19103F-16F7-4668-BE54-9A1E7A4F7556}") = "Infrastructure", "src\demoProjects\kodlama.io.Devs\Infrastructure\Infrastructure.csproj", "{4BEB991D-E7A6-40CA-B701-F1D745A5A7F3}"
EndProject
Project("{E53339B2-1760-4266-BCC7-CA923CBCF16C}") = "docker-compose", "docker-compose.dcproj", "{7A4A71F9-51F6-4527-9917-B5902304CC50}"
EndProject
Project("{2150E333-8FDC-42A3-9474-1A3956D46DE8}") = "Solution Items", "Solution Items", "{83E14AED-D254-4F0F-AC45-5387F3196D3E}"
	ProjectSection(SolutionItems) = preProject
		.env = .env
	EndProjectSection
EndProject
Global
	GlobalSection(SolutionConfigurationPlatforms) = preSolution
		Debug|Any CPU = Debug|Any CPU
		Release|Any CPU = Release|Any CPU
	EndGlobalSection
	GlobalSection(ProjectConfigurationPlatforms) = postSolution
		{CD9A8AA1-5CAB-4218-91C5-2550BB86354A}.Debug|Any CPU.ActiveCfg = Debug|Any CPU
		{CD9A8AA1-5CAB-4218-91C5-2550BB86354A}.Debug|Any CPU.Build.0 = Debug|Any CPU
		{CD9A8AA1-5CAB-4218-91C5-2550BB86354A}.Release|Any CPU.ActiveCfg = Release|Any CPU
		{CD9A8AA1-5CAB-4218-91C5-2550BB86354A}.Release|Any CPU.Build.0 = Release|Any CPU
		{A6D04B11-0C09-4361-B044-B743F61D9E06}.Debug|Any CPU.ActiveCfg = Debug|Any CPU
		{A6D04B11-0C09-4361-B044-B743F61D9E06}.Debug|Any CPU.Build.0 = Debug|Any CPU
		{A6D04B11-0C09-4361-B044-B743F61D9E06}.Release|Any CPU.ActiveCfg = Release|Any CPU
		{A6D04B11-0C09-4361-B044-B743F61D9E06}.Release|Any CPU.Build.0 = Release|Any CPU
		{EAE0F331-1D99-42F6-9926-34C3EAD78BBF}.Debug|Any CPU.ActiveCfg = Debug|Any CPU
		{EAE0F331-1D99-42F6-9926-34C3EAD78BBF}.Debug|Any CPU.Build.0 = Debug|Any CPU
		{EAE0F331-1D99-42F6-9926-34C3EAD78BBF}.Release|Any CPU.ActiveCfg = Release|Any CPU
		{EAE0F331-1D99-42F6-9926-34C3EAD78BBF}.Release|Any CPU.Build.0 = Release|Any CPU
		{4EA615C5-8C04-4EA1-91DA-C86DA54D2E63}.Debug|Any CPU.ActiveCfg = Debug|Any CPU
		{4EA615C5-8C04-4EA1-91DA-C86DA54D2E63}.Debug|Any CPU.Build.0 = Debug|Any CPU
		{4EA615C5-8C04-4EA1-91DA-C86DA54D2E63}.Release|Any CPU.ActiveCfg = Release|Any CPU
		{4EA615C5-8C04-4EA1-91DA-C86DA54D2E63}.Release|Any CPU.Build.0 = Release|Any CPU
		{54635492-7F95-449B-8C5B-493566F68D4A}.Debug|Any CPU.ActiveCfg = Debug|Any CPU
		{54635492-7F95-449B-8C5B-493566F68D4A}.Debug|Any CPU.Build.0 = Debug|Any CPU
		{54635492-7F95-449B-8C5B-493566F68D4A}.Release|Any CPU.ActiveCfg = Release|Any CPU
		{54635492-7F95-449B-8C5B-493566F68D4A}.Release|Any CPU.Build.0 = Release|Any CPU
		{00AA7CFA-B348-4303-B3D0-40750DA10B94}.Debug|Any CPU.ActiveCfg = Debug|Any CPU
		{00AA7CFA-B348-4303-B3D0-40750DA10B94}.Debug|Any CPU.Build.0 = Debug|Any CPU
		{00AA7CFA-B348-4303-B3D0-40750DA10B94}.Release|Any CPU.ActiveCfg = Release|Any CPU
		{00AA7CFA-B348-4303-B3D0-40750DA10B94}.Release|Any CPU.Build.0 = Release|Any CPU
		{78EA22FC-B933-4349-A097-556A076009F1}.Debug|Any CPU.ActiveCfg = Debug|Any CPU
		{78EA22FC-B933-4349-A097-556A076009F1}.Debug|Any CPU.Build.0 = Debug|Any CPU
		{78EA22FC-B933-4349-A097-556A076009F1}.Release|Any CPU.ActiveCfg = Release|Any CPU
		{78EA22FC-B933-4349-A097-556A076009F1}.Release|Any CPU.Build.0 = Release|Any CPU
		{D0D4D281-24C1-4EE0-88D6-01FA18B90442}.Debug|Any CPU.ActiveCfg = Debug|Any CPU
		{D0D4D281-24C1-4EE0-88D6-01FA18B90442}.Debug|Any CPU.Build.0 = Debug|Any CPU
		{D0D4D281-24C1-4EE0-88D6-01FA18B90442}.Release|Any CPU.ActiveCfg = Release|Any CPU
		{D0D4D281-24C1-4EE0-88D6-01FA18B90442}.Release|Any CPU.Build.0 = Release|Any CPU
		{1A88B2CE-A954-4709-B15E-F6F1210AD2FD}.Debug|Any CPU.ActiveCfg = Debug|Any CPU
		{1A88B2CE-A954-4709-B15E-F6F1210AD2FD}.Debug|Any CPU.Build.0 = Debug|Any CPU
		{1A88B2CE-A954-4709-B15E-F6F1210AD2FD}.Release|Any CPU.ActiveCfg = Release|Any CPU
		{1A88B2CE-A954-4709-B15E-F6F1210AD2FD}.Release|Any CPU.Build.0 = Release|Any CPU
		{53D6E924-1C32-4039-8192-CE1BEA129C61}.Debug|Any CPU.ActiveCfg = Debug|Any CPU
		{53D6E924-1C32-4039-8192-CE1BEA129C61}.Debug|Any CPU.Build.0 = Debug|Any CPU
		{53D6E924-1C32-4039-8192-CE1BEA129C61}.Release|Any CPU.ActiveCfg = Release|Any CPU
		{53D6E924-1C32-4039-8192-CE1BEA129C61}.Release|Any CPU.Build.0 = Release|Any CPU
		{54568B1F-31E7-4BA3-A2ED-826E85050603}.Debug|Any CPU.ActiveCfg = Debug|Any CPU
		{54568B1F-31E7-4BA3-A2ED-826E85050603}.Debug|Any CPU.Build.0 = Debug|Any CPU
		{54568B1F-31E7-4BA3-A2ED-826E85050603}.Release|Any CPU.ActiveCfg = Release|Any CPU
		{54568B1F-31E7-4BA3-A2ED-826E85050603}.Release|Any CPU.Build.0 = Release|Any CPU
		{605D792A-C3DE-46BF-9980-4F86A0F6E2F9}.Debug|Any CPU.ActiveCfg = Debug|Any CPU
		{605D792A-C3DE-46BF-9980-4F86A0F6E2F9}.Debug|Any CPU.Build.0 = Debug|Any CPU
		{605D792A-C3DE-46BF-9980-4F86A0F6E2F9}.Release|Any CPU.ActiveCfg = Release|Any CPU
		{605D792A-C3DE-46BF-9980-4F86A0F6E2F9}.Release|Any CPU.Build.0 = Release|Any CPU
		{53230235-90D5-4C22-9DAF-808F04DCFCD2}.Debug|Any CPU.ActiveCfg = Debug|Any CPU
		{53230235-90D5-4C22-9DAF-808F04DCFCD2}.Debug|Any CPU.Build.0 = Debug|Any CPU
		{53230235-90D5-4C22-9DAF-808F04DCFCD2}.Release|Any CPU.ActiveCfg = Release|Any CPU
		{53230235-90D5-4C22-9DAF-808F04DCFCD2}.Release|Any CPU.Build.0 = Release|Any CPU
		{9F7C6065-A86E-4A8F-A433-945CA03E7D78}.Debug|Any CPU.ActiveCfg = Debug|Any CPU
		{9F7C6065-A86E-4A8F-A433-945CA03E7D78}.Debug|Any CPU.Build.0 = Debug|Any CPU
		{9F7C6065-A86E-4A8F-A433-945CA03E7D78}.Release|Any CPU.ActiveCfg = Release|Any CPU
		{9F7C6065-A86E-4A8F-A433-945CA03E7D78}.Release|Any CPU.Build.0 = Release|Any CPU
		{3B8702B0-9B0A-4B7F-8CEB-2C6F2DAF4E57}.Debug|Any CPU.ActiveCfg = Debug|Any CPU
		{3B8702B0-9B0A-4B7F-8CEB-2C6F2DAF4E57}.Debug|Any CPU.Build.0 = Debug|Any CPU
		{3B8702B0-9B0A-4B7F-8CEB-2C6F2DAF4E57}.Release|Any CPU.ActiveCfg = Release|Any CPU
		{3B8702B0-9B0A-4B7F-8CEB-2C6F2DAF4E57}.Release|Any CPU.Build.0 = Release|Any CPU
		{14CB7D74-7177-4EDC-944C-2FB49FB889A5}.Debug|Any CPU.ActiveCfg = Debug|Any CPU
		{14CB7D74-7177-4EDC-944C-2FB49FB889A5}.Debug|Any CPU.Build.0 = Debug|Any CPU
		{14CB7D74-7177-4EDC-944C-2FB49FB889A5}.Release|Any CPU.ActiveCfg = Release|Any CPU
		{14CB7D74-7177-4EDC-944C-2FB49FB889A5}.Release|Any CPU.Build.0 = Release|Any CPU
		{1C93D2BF-ED02-42BD-A979-C1B7486B9B20}.Debug|Any CPU.ActiveCfg = Debug|Any CPU
		{1C93D2BF-ED02-42BD-A979-C1B7486B9B20}.Debug|Any CPU.Build.0 = Debug|Any CPU
		{1C93D2BF-ED02-42BD-A979-C1B7486B9B20}.Release|Any CPU.ActiveCfg = Release|Any CPU
		{1C93D2BF-ED02-42BD-A979-C1B7486B9B20}.Release|Any CPU.Build.0 = Release|Any CPU
		{574EBAE6-CF46-4E3C-9ED6-B0862B937CE6}.Debug|Any CPU.ActiveCfg = Debug|Any CPU
		{574EBAE6-CF46-4E3C-9ED6-B0862B937CE6}.Debug|Any CPU.Build.0 = Debug|Any CPU
		{574EBAE6-CF46-4E3C-9ED6-B0862B937CE6}.Release|Any CPU.ActiveCfg = Release|Any CPU
		{574EBAE6-CF46-4E3C-9ED6-B0862B937CE6}.Release|Any CPU.Build.0 = Release|Any CPU
		{118EE786-18AB-4F2F-9357-7D1244CFA694}.Debug|Any CPU.ActiveCfg = Debug|Any CPU
		{118EE786-18AB-4F2F-9357-7D1244CFA694}.Debug|Any CPU.Build.0 = Debug|Any CPU
		{118EE786-18AB-4F2F-9357-7D1244CFA694}.Release|Any CPU.ActiveCfg = Release|Any CPU
		{118EE786-18AB-4F2F-9357-7D1244CFA694}.Release|Any CPU.Build.0 = Release|Any CPU
		{19655515-97C4-48EA-8DEF-C48C1CDAAE91}.Debug|Any CPU.ActiveCfg = Debug|Any CPU
		{19655515-97C4-48EA-8DEF-C48C1CDAAE91}.Debug|Any CPU.Build.0 = Debug|Any CPU
		{19655515-97C4-48EA-8DEF-C48C1CDAAE91}.Release|Any CPU.ActiveCfg = Release|Any CPU
		{19655515-97C4-48EA-8DEF-C48C1CDAAE91}.Release|Any CPU.Build.0 = Release|Any CPU
		{4BEB991D-E7A6-40CA-B701-F1D745A5A7F3}.Debug|Any CPU.ActiveCfg = Debug|Any CPU
		{4BEB991D-E7A6-40CA-B701-F1D745A5A7F3}.Debug|Any CPU.Build.0 = Debug|Any CPU
		{4BEB991D-E7A6-40CA-B701-F1D745A5A7F3}.Release|Any CPU.ActiveCfg = Release|Any CPU
		{4BEB991D-E7A6-40CA-B701-F1D745A5A7F3}.Release|Any CPU.Build.0 = Release|Any CPU
		{7A4A71F9-51F6-4527-9917-B5902304CC50}.Debug|Any CPU.ActiveCfg = Debug|Any CPU
		{7A4A71F9-51F6-4527-9917-B5902304CC50}.Debug|Any CPU.Build.0 = Debug|Any CPU
		{7A4A71F9-51F6-4527-9917-B5902304CC50}.Release|Any CPU.ActiveCfg = Release|Any CPU
		{7A4A71F9-51F6-4527-9917-B5902304CC50}.Release|Any CPU.Build.0 = Release|Any CPU
	EndGlobalSection
	GlobalSection(SolutionProperties) = preSolution
		HideSolutionNode = FALSE
	EndGlobalSection
	GlobalSection(NestedProjects) = preSolution
		{01B7F227-CE8F-41FD-9AF8-6AF5E5259161} = {CFFB1EB9-6447-4C20-8400-27D7E2B04508}
		{84E05683-0E4A-4FB1-8FD4-9F0C509BC74C} = {CFFB1EB9-6447-4C20-8400-27D7E2B04508}
		{CD9A8AA1-5CAB-4218-91C5-2550BB86354A} = {01B7F227-CE8F-41FD-9AF8-6AF5E5259161}
		{A6D04B11-0C09-4361-B044-B743F61D9E06} = {01B7F227-CE8F-41FD-9AF8-6AF5E5259161}
		{EAE0F331-1D99-42F6-9926-34C3EAD78BBF} = {01B7F227-CE8F-41FD-9AF8-6AF5E5259161}
		{4EA615C5-8C04-4EA1-91DA-C86DA54D2E63} = {01B7F227-CE8F-41FD-9AF8-6AF5E5259161}
		{54635492-7F95-449B-8C5B-493566F68D4A} = {01B7F227-CE8F-41FD-9AF8-6AF5E5259161}
		{00AA7CFA-B348-4303-B3D0-40750DA10B94} = {01B7F227-CE8F-41FD-9AF8-6AF5E5259161}
		{11C509DD-21AC-415F-B2F2-EB58985F2703} = {84E05683-0E4A-4FB1-8FD4-9F0C509BC74C}
		{78EA22FC-B933-4349-A097-556A076009F1} = {11C509DD-21AC-415F-B2F2-EB58985F2703}
		{D0D4D281-24C1-4EE0-88D6-01FA18B90442} = {11C509DD-21AC-415F-B2F2-EB58985F2703}
		{1A88B2CE-A954-4709-B15E-F6F1210AD2FD} = {11C509DD-21AC-415F-B2F2-EB58985F2703}
		{53D6E924-1C32-4039-8192-CE1BEA129C61} = {11C509DD-21AC-415F-B2F2-EB58985F2703}
		{54568B1F-31E7-4BA3-A2ED-826E85050603} = {11C509DD-21AC-415F-B2F2-EB58985F2703}
		{92D95674-0B2D-4C39-AA16-8637C16653CE} = {84E05683-0E4A-4FB1-8FD4-9F0C509BC74C}
		{605D792A-C3DE-46BF-9980-4F86A0F6E2F9} = {92D95674-0B2D-4C39-AA16-8637C16653CE}
		{53230235-90D5-4C22-9DAF-808F04DCFCD2} = {92D95674-0B2D-4C39-AA16-8637C16653CE}
		{9F7C6065-A86E-4A8F-A433-945CA03E7D78} = {92D95674-0B2D-4C39-AA16-8637C16653CE}
		{3B8702B0-9B0A-4B7F-8CEB-2C6F2DAF4E57} = {92D95674-0B2D-4C39-AA16-8637C16653CE}
		{14CB7D74-7177-4EDC-944C-2FB49FB889A5} = {92D95674-0B2D-4C39-AA16-8637C16653CE}
		{81E6CE36-23E7-4EB7-B7B0-B62DCBB29771} = {84E05683-0E4A-4FB1-8FD4-9F0C509BC74C}
		{1C93D2BF-ED02-42BD-A979-C1B7486B9B20} = {81E6CE36-23E7-4EB7-B7B0-B62DCBB29771}
		{574EBAE6-CF46-4E3C-9ED6-B0862B937CE6} = {81E6CE36-23E7-4EB7-B7B0-B62DCBB29771}
		{118EE786-18AB-4F2F-9357-7D1244CFA694} = {81E6CE36-23E7-4EB7-B7B0-B62DCBB29771}
		{19655515-97C4-48EA-8DEF-C48C1CDAAE91} = {81E6CE36-23E7-4EB7-B7B0-B62DCBB29771}
		{4BEB991D-E7A6-40CA-B701-F1D745A5A7F3} = {81E6CE36-23E7-4EB7-B7B0-B62DCBB29771}
	EndGlobalSection
	GlobalSection(ExtensibilityGlobals) = postSolution
		SolutionGuid = {C127633B-AB1B-43AE-A516-DCF06F13F757}
	EndGlobalSection
EndGlobal
